
Microsoft Visual Studio Solution File, Format Version 12.00
# Visual Studio Version 17
VisualStudioVersion = 17.2.32519.379
MinimumVisualStudioVersion = 10.0.40219.1
Project("{FAE04EC0-301F-11D3-BF4B-00C04F79EFBC}") = "FluidSimulation", "FluidSimulation\FluidSimulation.csproj", "{9E71F2C7-092A-4E94-B0F3-83946C76B81C}"
EndProject
Global
	GlobalSection(SolutionConfigurationPlatforms) = preSolution
		Debug|Any CPU = Debug|Any CPU
		Release|Any CPU = Release|Any CPU
	EndGlobalSection
	GlobalSection(ProjectConfigurationPlatforms) = postSolution
		{9E71F2C7-092A-4E94-B0F3-83946C76B81C}.Debug|Any CPU.ActiveCfg = Debug|Any CPU
		{9E71F2C7-092A-4E94-B0F3-83946C76B81C}.Debug|Any CPU.Build.0 = Debug|Any CPU
		{9E71F2C7-092A-4E94-B0F3-83946C76B81C}.Release|Any CPU.ActiveCfg = Release|Any CPU
		{9E71F2C7-092A-4E94-B0F3-83946C76B81C}.Release|Any CPU.Build.0 = Release|Any CPU
	EndGlobalSection
	GlobalSection(SolutionProperties) = preSolution
		HideSolutionNode = FALSE
	EndGlobalSection
	GlobalSection(ExtensibilityGlobals) = postSolution
		SolutionGuid = {6994116C-796E-4982-8F7C-F5976FF98C17}
	EndGlobalSection
EndGlobal
